{
	"name": "warframe-public-export-plus",
	"version": "0.6.7",
	"lockfileVersion": 3,
	"requires": true,
	"packages": {
		"": {
			"name": "warframe-public-export-plus",
			"version": "0.6.7",
			"devDependencies": {
				"ts-to-zod": "^5",
				"zod": "^4"
			}
		},
		"node_modules/@clack/core": {
			"version": "1.0.0-alpha.4",
			"resolved": "https://registry.npmjs.org/@clack/core/-/core-1.0.0-alpha.4.tgz",
			"integrity": "sha512-VCtU+vjyKPMSakVrB9q1bOnXN7QW/w4+YQDQCOF59GrzydW+169i0fVx/qzRRXJgt8KGj/pZZ/JxXroFZIDByg==",
			"dev": true,
			"license": "MIT",
			"dependencies": {
				"picocolors": "^1.0.0",
				"sisteransi": "^1.0.5"
			}
		},
		"node_modules/@clack/prompts": {
			"version": "1.0.0-alpha.4",
			"resolved": "https://registry.npmjs.org/@clack/prompts/-/prompts-1.0.0-alpha.4.tgz",
			"integrity": "sha512-KnmtDF2xQGoI5AlBme9akHtvCRV0RKAARUXHBQO2tMwnY8B08/4zPWigT7uLK25UPrMCEqnyQPkKRjNdhPbf8g==",
			"dev": true,
			"license": "MIT",
			"dependencies": {
				"@clack/core": "1.0.0-alpha.4",
				"picocolors": "^1.0.0",
				"sisteransi": "^1.0.5"
			}
		},
		"node_modules/@oclif/core": {
			"version": "4.13.0",
			"resolved": "https://registry.npmjs.org/@oclif/core/-/core-4.13.0.tgz",
			"integrity": "sha512-j3NKgXE3qd0gvSYsCqDLb3VhW5KEg030VQhMnv5c0qNzPp6jBmF7cCDIQG4ROZIOqEfGbUoDDMAAzaC30vV99g==",
			"dev": true,
			"license": "MIT",
			"dependencies": {
				"ansi-escapes": "^4.3.2",
				"ansis": "^3.17.0",
				"clean-stack": "^3.0.1",
				"cli-spinners": "^2.9.2",
				"debug": "^4.4.3",
				"ejs": "^3.1.10",
				"get-package-type": "^0.1.0",
				"indent-string": "^4.0.0",
				"is-wsl": "^2.2.0",
				"lilconfig": "^3.1.3",
				"minimatch": "^10.2.5",
				"semver": "^7.8.1",
				"string-width": "^4.2.3",
				"supports-color": "^8",
				"tinyglobby": "^0.2.17",
				"widest-line": "^3.1.0",
				"wordwrap": "^1.0.0",
				"wrap-ansi": "^7.0.0"
			},
			"engines": {
				"node": ">=18.0.0"
			}
		},
		"node_modules/@typescript/vfs": {
			"version": "1.6.1",
			"resolved": "https://registry.npmjs.org/@typescript/vfs/-/vfs-1.6.1.tgz",
			"integrity": "sha512-JwoxboBh7Oz1v38tPbkrZ62ZXNHAk9bJ7c9x0eI5zBfBnBYGhURdbnh7Z4smN/MV48Y5OCcZb58n972UtbazsA==",
			"dev": true,
			"license": "MIT",
			"dependencies": {
				"debug": "^4.1.1"
			},
			"peerDependencies": {
				"typescript": "*"
			}
		},
		"node_modules/ansi-escapes": {
			"version": "4.3.2",
			"resolved": "https://registry.npmjs.org/ansi-escapes/-/ansi-escapes-4.3.2.tgz",
			"integrity": "sha512-gKXj5ALrKWQLsYG9jlTRmR/xKluxHV+Z9QEwNIgCfM1/uwPMCuzVVnh5mwTd+OuBZcwSIMbqssNWRm1lE51QaQ==",
			"dev": true,
			"license": "MIT",
			"dependencies": {
				"type-fest": "^0.21.3"
			},
			"engines": {
				"node": ">=8"
			},
			"funding": {
				"url": "https://github.com/sponsors/sindresorhus"
			}
		},
		"node_modules/ansi-regex": {
			"version": "6.2.2",
			"resolved": "https://registry.npmjs.org/ansi-regex/-/ansi-regex-6.2.2.tgz",
			"integrity": "sha512-Bq3SmSpyFHaWjPk8If9yc6svM8c56dB5BAtW4Qbw5jHTwwXXcTLoRMkpDJp6VL0XzlWaCHTXrkFURMYmD0sLqg==",
			"dev": true,
			"license": "MIT",
			"engines": {
				"node": ">=12"
			},
			"funding": {
				"url": "https://github.com/chalk/ansi-regex?sponsor=1"
			}
		},
		"node_modules/ansi-styles": {
			"version": "6.2.3",
			"resolved": "https://registry.npmjs.org/ansi-styles/-/ansi-styles-6.2.3.tgz",
			"integrity": "sha512-4Dj6M28JB+oAH8kFkTLUo+a2jwOFkuqb3yucU0CANcRRUbxS0cP0nZYCGjcc3BNXwRIsUVmDGgzawme7zvJHvg==",
			"dev": true,
			"license": "MIT",
			"engines": {
				"node": ">=12"
			},
			"funding": {
				"url": "https://github.com/chalk/ansi-styles?sponsor=1"
			}
		},
		"node_modules/ansis": {
			"version": "3.17.0",
			"resolved": "https://registry.npmjs.org/ansis/-/ansis-3.17.0.tgz",
			"integrity": "sha512-0qWUglt9JEqLFr3w1I1pbrChn1grhaiAR2ocX1PP/flRmxgtwTzPFFFnfIlD6aMOLQZgSuCRlidD70lvx8yhzg==",
			"dev": true,
			"license": "ISC",
			"engines": {
				"node": ">=14"
			}
		},
		"node_modules/async": {
			"version": "3.2.6",
			"resolved": "https://registry.npmjs.org/async/-/async-3.2.6.tgz",
			"integrity": "sha512-htCUDlxyyCLMgaM3xXg0C0LW2xqfuQ6p05pCEIsXuyQ+a1koYKTuBMzRNwmybfLgvJDMd0r1LTn4+E0Ti6C2AA==",
			"dev": true,
			"license": "MIT"
		},
		"node_modules/balanced-match": {
			"version": "4.0.4",
			"resolved": "https://registry.npmjs.org/balanced-match/-/balanced-match-4.0.4.tgz",
			"integrity": "sha512-BLrgEcRTwX2o6gGxGOCNyMvGSp35YofuYzw9h1IMTRmKqttAZZVU67bdb9Pr2vUHA8+j3i2tJfjO6C6+4myGTA==",
			"dev": true,
			"license": "MIT",
			"engines": {
				"node": "18 || 20 || >=22"
			}
		},
		"node_modules/brace-expansion": {
			"version": "5.0.8",
			"resolved": "https://registry.npmjs.org/brace-expansion/-/brace-expansion-5.0.8.tgz",
			"integrity": "sha512-JZyDyq3D4AUifKTPOB7DELf6XsB3WdPuNxCtob1vFXPsSXhdAiHBWJ/tJ8HAc9aH84BK+5JFZLNkJKx3G9kzQg==",
			"dev": true,
			"license": "MIT",
			"dependencies": {
				"balanced-match": "^4.0.2"
			},
			"engines": {
				"node": "20 || >=22"
			}
		},
		"node_modules/chokidar": {
			"version": "4.0.3",
			"resolved": "https://registry.npmjs.org/chokidar/-/chokidar-4.0.3.tgz",
			"integrity": "sha512-Qgzu8kfBvo+cA4962jnP1KkS6Dop5NS6g7R5LFYJr4b8Ub94PPQXUksCw9PvXoeXPRRddRNC5C1JQUR2SMGtnA==",
			"dev": true,
			"license": "MIT",
			"dependencies": {
				"readdirp": "^4.0.1"
			},
			"engines": {
				"node": ">= 14.16.0"
			},
			"funding": {
				"url": "https://paulmillr.com/funding/"
			}
		},
		"node_modules/clean-stack": {
			"version": "3.0.1",
			"resolved": "https://registry.npmjs.org/clean-stack/-/clean-stack-3.0.1.tgz",
			"integrity": "sha512-lR9wNiMRcVQjSB3a7xXGLuz4cr4wJuuXlaAEbRutGowQTmlp7R72/DOgN21e8jdwblMWl9UOJMJXarX94pzKdg==",
			"dev": true,
			"license": "MIT",
			"dependencies": {
				"escape-string-regexp": "4.0.0"
			},
			"engines": {
				"node": ">=10"
			},
			"funding": {
				"url": "https://github.com/sponsors/sindresorhus"
			}
		},
		"node_modules/cli-cursor": {
			"version": "5.0.0",
			"resolved": "https://registry.npmjs.org/cli-cursor/-/cli-cursor-5.0.0.tgz",
			"integrity": "sha512-aCj4O5wKyszjMmDT4tZj93kxyydN/K5zPWSCe6/0AV/AA1pqe5ZBIw0a2ZfPQV7lL5/yb5HsUreJ6UFAF1tEQw==",
			"dev": true,
			"license": "MIT",
			"dependencies": {
				"restore-cursor": "^5.0.0"
			},
			"engines": {
				"node": ">=18"
			},
			"funding": {
				"url": "https://github.com/sponsors/sindresorhus"
			}
		},
		"node_modules/cli-spinners": {
			"version": "2.9.2",
			"resolved": "https://registry.npmjs.org/cli-spinners/-/cli-spinners-2.9.2.tgz",
			"integrity": "sha512-ywqV+5MmyL4E7ybXgKys4DugZbX0FC6LnwrhjuykIjnK9k8OQacQ7axGKnjDXWNhns0xot3bZI5h55H8yo9cJg==",
			"dev": true,
			"license": "MIT",
			"engines": {
				"node": ">=6"
			},
			"funding": {
				"url": "https://github.com/sponsors/sindresorhus"
			}
		},
		"node_modules/cli-truncate": {
			"version": "5.2.0",
			"resolved": "https://registry.npmjs.org/cli-truncate/-/cli-truncate-5.2.0.tgz",
			"integrity": "sha512-xRwvIOMGrfOAnM1JYtqQImuaNtDEv9v6oIYAs4LIHwTiKee8uwvIi363igssOC0O5U04i4AlENs79LQLu9tEMw==",
			"dev": true,
			"license": "MIT",
			"dependencies": {
				"slice-ansi": "^8.0.0",
				"string-width": "^8.2.0"
			},
			"engines": {
				"node": ">=20"
			},
			"funding": {
				"url": "https://github.com/sponsors/sindresorhus"
			}
		},
		"node_modules/cli-truncate/node_modules/string-width": {
			"version": "8.2.2",
			"resolved": "https://registry.npmjs.org/string-width/-/string-width-8.2.2.tgz",
			"integrity": "sha512-GaPUh5gfdrYzqeVNZvUfT23vYYxXzKYidUcnMtJg/3rxRV63EFZy3k6xfKlmfeJD0176lnUV/Usr3XcwSvFzpg==",
			"dev": true,
			"license": "MIT",
			"dependencies": {
				"get-east-asian-width": "^1.5.0",
				"strip-ansi": "^7.1.2"
			},
			"engines": {
				"node": ">=20"
			},
			"funding": {
				"url": "https://github.com/sponsors/sindresorhus"
			}
		},
		"node_modules/color-convert": {
			"version": "2.0.1",
			"resolved": "https://registry.npmjs.org/color-convert/-/color-convert-2.0.1.tgz",
			"integrity": "sha512-RRECPsj7iu/xb5oKYcsFHSppFNnsj/52OVTRKb4zP5onXwVF3zVmmToNcOfGC+CRDpfK/U584fMg38ZHCaElKQ==",
			"dev": true,
			"license": "MIT",
			"dependencies": {
				"color-name": "~1.1.4"
			},
			"engines": {
				"node": ">=7.0.0"
			}
		},
		"node_modules/color-name": {
			"version": "1.1.4",
			"resolved": "https://registry.npmjs.org/color-name/-/color-name-1.1.4.tgz",
			"integrity": "sha512-dOy+3AuW3a2wNbZHIuMZpTcgjGuLU/uBL/ubcZF9OXbDo8ff4O8yVp5Bf0efS8uEoYo5q4Fx7dY9OgQGXgAsQA==",
			"dev": true,
			"license": "MIT"
		},
		"node_modules/colorette": {
			"version": "2.0.20",
			"resolved": "https://registry.npmjs.org/colorette/-/colorette-2.0.20.tgz",
			"integrity": "sha512-IfEDxwoWIjkeXL1eXcDiow4UbKjhLdq6/EuSVR9GMN7KVH3r9gQ83e73hsz1Nd1T3ijd5xv1wcWRYO+D6kCI2w==",
			"dev": true,
			"license": "MIT"
		},
		"node_modules/debug": {
			"version": "4.4.3",
			"resolved": "https://registry.npmjs.org/debug/-/debug-4.4.3.tgz",
			"integrity": "sha512-RGwwWnwQvkVfavKVt22FGLw+xYSdzARwm0ru6DhTVA3umU5hZc28V3kO4stgYryrTlLpuvgI9GiijltAjNbcqA==",
			"dev": true,
			"license": "MIT",
			"dependencies": {
				"ms": "^2.1.3"
			},
			"engines": {
				"node": ">=6.0"
			},
			"peerDependenciesMeta": {
				"supports-color": {
					"optional": true
				}
			}
		},
		"node_modules/ejs": {
			"version": "3.1.10",
			"resolved": "https://registry.npmjs.org/ejs/-/ejs-3.1.10.tgz",
			"integrity": "sha512-UeJmFfOrAQS8OJWPZ4qtgHyWExa088/MtK5UEyoJGFH67cDEXkZSviOiKRCZ4Xij0zxI3JECgYs3oKx+AizQBA==",
			"dev": true,
			"license": "Apache-2.0",
			"dependencies": {
				"jake": "^10.8.5"
			},
			"bin": {
				"ejs": "bin/cli.js"
			},
			"engines": {
				"node": ">=0.10.0"
			}
		},
		"node_modules/emoji-regex": {
			"version": "8.0.0",
			"resolved": "https://registry.npmjs.org/emoji-regex/-/emoji-regex-8.0.0.tgz",
			"integrity": "sha512-MSjYzcWNOA0ewAHpz0MxpYFvwg6yjy1NG3xteoqz644VCo/RPgnr1/GGt+ic3iJTzQ8Eu3TdM14SawnVUmGE6A==",
			"dev": true,
			"license": "MIT"
		},
		"node_modules/environment": {
			"version": "1.1.0",
			"resolved": "https://registry.npmjs.org/environment/-/environment-1.1.0.tgz",
			"integrity": "sha512-xUtoPkMggbz0MPyPiIWr1Kp4aeWJjDZ6SMvURhimjdZgsRuDplF5/s9hcgGhyXMhs+6vpnuoiZ2kFiu3FMnS8Q==",
			"dev": true,
			"license": "MIT",
			"engines": {
				"node": ">=18"
			},
			"funding": {
				"url": "https://github.com/sponsors/sindresorhus"
			}
		},
		"node_modules/escape-string-regexp": {
			"version": "4.0.0",
			"resolved": "https://registry.npmjs.org/escape-string-regexp/-/escape-string-regexp-4.0.0.tgz",
			"integrity": "sha512-TtpcNJ3XAzx3Gq8sWRzJaVajRs0uVxA2YAkdb1jm2YkPz4G6egUFAyA3n5vtEIZefPk5Wa4UXbKuS5fKkJWdgA==",
			"dev": true,
			"license": "MIT",
			"engines": {
				"node": ">=10"
			},
			"funding": {
				"url": "https://github.com/sponsors/sindresorhus"
			}
		},
		"node_modules/eventemitter3": {
			"version": "5.0.4",
			"resolved": "https://registry.npmjs.org/eventemitter3/-/eventemitter3-5.0.4.tgz",
			"integrity": "sha512-mlsTRyGaPBjPedk6Bvw+aqbsXDtoAyAzm5MO7JgU+yVRyMQ5O8bD4Kcci7BS85f93veegeCPkL8R4GLClnjLFw==",
			"dev": true,
			"license": "MIT"
		},
		"node_modules/fdir": {
			"version": "6.5.0",
			"resolved": "https://registry.npmjs.org/fdir/-/fdir-6.5.0.tgz",
			"integrity": "sha512-tIbYtZbucOs0BRGqPJkshJUYdL+SDH7dVM8gjy+ERp3WAUjLEFJE+02kanyHtwjWOnwrKYBiwAmM0p4kLJAnXg==",
			"dev": true,
			"license": "MIT",
			"engines": {
				"node": ">=12.0.0"
			},
			"peerDependencies": {
				"picomatch": "^3 || ^4"
			},
			"peerDependenciesMeta": {
				"picomatch": {
					"optional": true
				}
			}
		},
		"node_modules/filelist": {
			"version": "1.0.6",
			"resolved": "https://registry.npmjs.org/filelist/-/filelist-1.0.6.tgz",
			"integrity": "sha512-5giy2PkLYY1cP39p17Ech+2xlpTRL9HLspOfEgm0L6CwBXBTgsK5ou0JtzYuepxkaQ/tvhCFIJ5uXo0OrM2DxA==",
			"dev": true,
			"license": "Apache-2.0",
			"dependencies": {
				"minimatch": "^5.0.1"
			}
		},
		"node_modules/filelist/node_modules/balanced-match": {
			"version": "1.0.2",
			"resolved": "https://registry.npmjs.org/balanced-match/-/balanced-match-1.0.2.tgz",
			"integrity": "sha512-3oSeUO0TMV67hN1AmbXsK4yaqU7tjiHlbxRDZOpH0KW9+CeX4bRAaX0Anxt0tx2MrpRpWwQaPwIlISEJhYU5Pw==",
			"dev": true,
			"license": "MIT"
		},
		"node_modules/filelist/node_modules/brace-expansion": {
			"version": "2.1.2",
			"resolved": "https://registry.npmjs.org/brace-expansion/-/brace-expansion-2.1.2.tgz",
			"integrity": "sha512-w5JZcKgdhDOgOwm8H+KgbosopHMuGcl6qbulwjtz3SM7I7P3yW1eAjzMPLrIE+NQ9vjgANKHWeMHnrT0OXW1oA==",
			"dev": true,
			"license": "MIT",
			"dependencies": {
				"balanced-match": "^1.0.0"
			}
		},
		"node_modules/filelist/node_modules/minimatch": {
			"version": "5.1.9",
			"resolved": "https://registry.npmjs.org/minimatch/-/minimatch-5.1.9.tgz",
			"integrity": "sha512-7o1wEA2RyMP7Iu7GNba9vc0RWWGACJOCZBJX2GJWip0ikV+wcOsgVuY9uE8CPiyQhkGFSlhuSkZPavN7u1c2Fw==",
			"dev": true,
			"license": "ISC",
			"dependencies": {
				"brace-expansion": "^2.0.1"
			},
			"engines": {
				"node": ">=10"
			}
		},
		"node_modules/get-east-asian-width": {
			"version": "1.6.0",
			"resolved": "https://registry.npmjs.org/get-east-asian-width/-/get-east-asian-width-1.6.0.tgz",
			"integrity": "sha512-QRbvDIbx6YklUe6RxeTeleMR0yv3cYH6PsPZHcnVn7xv7zO1BHN8r0XETu8n6Ye3Q+ahtSarc3WgtNWmehIBfA==",
			"dev": true,
			"license": "MIT",
			"engines": {
				"node": ">=18"
			},
			"funding": {
				"url": "https://github.com/sponsors/sindresorhus"
			}
		},
		"node_modules/get-package-type": {
			"version": "0.1.0",
			"resolved": "https://registry.npmjs.org/get-package-type/-/get-package-type-0.1.0.tgz",
			"integrity": "sha512-pjzuKtY64GYfWizNAJ0fr9VqttZkNiK2iS430LtIHzjBEr6bX8Am2zm4sW4Ro5wjWW5cAlRL1qAMTcXbjNAO2Q==",
			"dev": true,
			"license": "MIT",
			"engines": {
				"node": ">=8.0.0"
			}
		},
		"node_modules/has-flag": {
			"version": "4.0.0",
			"resolved": "https://registry.npmjs.org/has-flag/-/has-flag-4.0.0.tgz",
			"integrity": "sha512-EykJT/Q1KjTWctppgIAgfSO0tKVuZUjhgMr17kqTumMl6Afv3EISleU7qZUzoXDFTAHTDC4NOoG/ZxU3EvlMPQ==",
			"dev": true,
			"license": "MIT",
			"engines": {
				"node": ">=8"
			}
		},
		"node_modules/indent-string": {
			"version": "4.0.0",
			"resolved": "https://registry.npmjs.org/indent-string/-/indent-string-4.0.0.tgz",
			"integrity": "sha512-EdDDZu4A2OyIK7Lr/2zG+w5jmbuk1DVBnEwREQvBzspBJkCEbRa8GxU1lghYcaGJCnRWibjDXlq779X1/y5xwg==",
			"dev": true,
			"license": "MIT",
			"engines": {
				"node": ">=8"
			}
		},
		"node_modules/is-docker": {
			"version": "2.2.1",
			"resolved": "https://registry.npmjs.org/is-docker/-/is-docker-2.2.1.tgz",
			"integrity": "sha512-F+i2BKsFrH66iaUFc0woD8sLy8getkwTwtOBjvs56Cx4CgJDeKQeqfz8wAYiSb8JOprWhHH5p77PbmYCvvUuXQ==",
			"dev": true,
			"license": "MIT",
			"bin": {
				"is-docker": "cli.js"
			},
			"engines": {
				"node": ">=8"
			},
			"funding": {
				"url": "https://github.com/sponsors/sindresorhus"
			}
		},
		"node_modules/is-fullwidth-code-point": {
			"version": "5.1.0",
			"resolved": "https://registry.npmjs.org/is-fullwidth-code-point/-/is-fullwidth-code-point-5.1.0.tgz",
			"integrity": "sha512-5XHYaSyiqADb4RnZ1Bdad6cPp8Toise4TzEjcOYDHZkTCbKgiUl7WTUCpNWHuxmDt91wnsZBc9xinNzopv3JMQ==",
			"dev": true,
			"license": "MIT",
			"dependencies": {
				"get-east-asian-width": "^1.3.1"
			},
			"engines": {
				"node": ">=18"
			},
			"funding": {
				"url": "https://github.com/sponsors/sindresorhus"
			}
		},
		"node_modules/is-wsl": {
			"version": "2.2.0",
			"resolved": "https://registry.npmjs.org/is-wsl/-/is-wsl-2.2.0.tgz",
			"integrity": "sha512-fKzAra0rGJUUBwGBgNkHZuToZcn+TtXHpeCgmkMJMMYx1sQDYaCSyjJBSCa2nH1DGm7s3n1oBnohoVTBaN7Lww==",
			"dev": true,
			"license": "MIT",
			"dependencies": {
				"is-docker": "^2.0.0"
			},
			"engines": {
				"node": ">=8"
			}
		},
		"node_modules/jake": {
			"version": "10.9.4",
			"resolved": "https://registry.npmjs.org/jake/-/jake-10.9.4.tgz",
			"integrity": "sha512-wpHYzhxiVQL+IV05BLE2Xn34zW1S223hvjtqk0+gsPrwd/8JNLXJgZZM/iPFsYc1xyphF+6M6EvdE5E9MBGkDA==",
			"dev": true,
			"license": "Apache-2.0",
			"dependencies": {
				"async": "^3.2.6",
				"filelist": "^1.0.4",
				"picocolors": "^1.1.1"
			},
			"bin": {
				"jake": "bin/cli.js"
			},
			"engines": {
				"node": ">=10"
			}
		},
		"node_modules/lilconfig": {
			"version": "3.1.3",
			"resolved": "https://registry.npmjs.org/lilconfig/-/lilconfig-3.1.3.tgz",
			"integrity": "sha512-/vlFKAoH5Cgt3Ie+JLhRbwOsCQePABiU3tJ1egGvyQ+33R/vcwM2Zl2QR/LzjsBeItPt3oSVXapn+m4nQDvpzw==",
			"dev": true,
			"license": "MIT",
			"engines": {
				"node": ">=14"
			},
			"funding": {
				"url": "https://github.com/sponsors/antonk52"
			}
		},
		"node_modules/listr2": {
			"version": "9.0.5",
			"resolved": "https://registry.npmjs.org/listr2/-/listr2-9.0.5.tgz",
			"integrity": "sha512-ME4Fb83LgEgwNw96RKNvKV4VTLuXfoKudAmm2lP8Kk87KaMK0/Xrx/aAkMWmT8mDb+3MlFDspfbCs7adjRxA2g==",
			"dev": true,
			"license": "MIT",
			"dependencies": {
				"cli-truncate": "^5.0.0",
				"colorette": "^2.0.20",
				"eventemitter3": "^5.0.1",
				"log-update": "^6.1.0",
				"rfdc": "^1.4.1",
				"wrap-ansi": "^9.0.0"
			},
			"engines": {
				"node": ">=20.0.0"
			}
		},
		"node_modules/listr2/node_modules/emoji-regex": {
			"version": "10.6.0",
			"resolved": "https://registry.npmjs.org/emoji-regex/-/emoji-regex-10.6.0.tgz",
			"integrity": "sha512-toUI84YS5YmxW219erniWD0CIVOo46xGKColeNQRgOzDorgBi1v4D71/OFzgD9GO2UGKIv1C3Sp8DAn0+j5w7A==",
			"dev": true,
			"license": "MIT"
		},
		"node_modules/listr2/node_modules/string-width": {
			"version": "7.2.0",
			"resolved": "https://registry.npmjs.org/string-width/-/string-width-7.2.0.tgz",
			"integrity": "sha512-tsaTIkKW9b4N+AEj+SVA+WhJzV7/zMhcSu78mLKWSk7cXMOSHsBKFWUs0fWwq8QyK3MgJBQRX6Gbi4kYbdvGkQ==",
			"dev": true,
			"license": "MIT",
			"dependencies": {
				"emoji-regex": "^10.3.0",
				"get-east-asian-width": "^1.0.0",
				"strip-ansi": "^7.1.0"
			},
			"engines": {
				"node": ">=18"
			},
			"funding": {
				"url": "https://github.com/sponsors/sindresorhus"
			}
		},
		"node_modules/listr2/node_modules/wrap-ansi": {
			"version": "9.0.2",
			"resolved": "https://registry.npmjs.org/wrap-ansi/-/wrap-ansi-9.0.2.tgz",
			"integrity": "sha512-42AtmgqjV+X1VpdOfyTGOYRi0/zsoLqtXQckTmqTeybT+BDIbM/Guxo7x3pE2vtpr1ok6xRqM9OpBe+Jyoqyww==",
			"dev": true,
			"license": "MIT",
			"dependencies": {
				"ansi-styles": "^6.2.1",
				"string-width": "^7.0.0",
				"strip-ansi": "^7.1.0"
			},
			"engines": {
				"node": ">=18"
			},
			"funding": {
				"url": "https://github.com/chalk/wrap-ansi?sponsor=1"
			}
		},
		"node_modules/log-update": {
			"version": "6.1.0",
			"resolved": "https://registry.npmjs.org/log-update/-/log-update-6.1.0.tgz",
			"integrity": "sha512-9ie8ItPR6tjY5uYJh8K/Zrv/RMZ5VOlOWvtZdEHYSTFKZfIBPQa9tOAEeAWhd+AnIneLJ22w5fjOYtoutpWq5w==",
			"dev": true,
			"license": "MIT",
			"dependencies": {
				"ansi-escapes": "^7.0.0",
				"cli-cursor": "^5.0.0",
				"slice-ansi": "^7.1.0",
				"strip-ansi": "^7.1.0",
				"wrap-ansi": "^9.0.0"
			},
			"engines": {
				"node": ">=18"
			},
			"funding": {
				"url": "https://github.com/sponsors/sindresorhus"
			}
		},
		"node_modules/log-update/node_modules/ansi-escapes": {
			"version": "7.3.0",
			"resolved": "https://registry.npmjs.org/ansi-escapes/-/ansi-escapes-7.3.0.tgz",
			"integrity": "sha512-BvU8nYgGQBxcmMuEeUEmNTvrMVjJNSH7RgW24vXexN4Ven6qCvy4TntnvlnwnMLTVlcRQQdbRY8NKnaIoeWDNg==",
			"dev": true,
			"license": "MIT",
			"dependencies": {
				"environment": "^1.0.0"
			},
			"engines": {
				"node": ">=18"
			},
			"funding": {
				"url": "https://github.com/sponsors/sindresorhus"
			}
		},
		"node_modules/log-update/node_modules/emoji-regex": {
			"version": "10.6.0",
			"resolved": "https://registry.npmjs.org/emoji-regex/-/emoji-regex-10.6.0.tgz",
			"integrity": "sha512-toUI84YS5YmxW219erniWD0CIVOo46xGKColeNQRgOzDorgBi1v4D71/OFzgD9GO2UGKIv1C3Sp8DAn0+j5w7A==",
			"dev": true,
			"license": "MIT"
		},
		"node_modules/log-update/node_modules/slice-ansi": {
			"version": "7.1.2",
			"resolved": "https://registry.npmjs.org/slice-ansi/-/slice-ansi-7.1.2.tgz",
			"integrity": "sha512-iOBWFgUX7caIZiuutICxVgX1SdxwAVFFKwt1EvMYYec/NWO5meOJ6K5uQxhrYBdQJne4KxiqZc+KptFOWFSI9w==",
			"dev": true,
			"license": "MIT",
			"dependencies": {
				"ansi-styles": "^6.2.1",
				"is-fullwidth-code-point": "^5.0.0"
			},
			"engines": {
				"node": ">=18"
			},
			"funding": {
				"url": "https://github.com/chalk/slice-ansi?sponsor=1"
			}
		},
		"node_modules/log-update/node_modules/string-width": {
			"version": "7.2.0",
			"resolved": "https://registry.npmjs.org/string-width/-/string-width-7.2.0.tgz",
			"integrity": "sha512-tsaTIkKW9b4N+AEj+SVA+WhJzV7/zMhcSu78mLKWSk7cXMOSHsBKFWUs0fWwq8QyK3MgJBQRX6Gbi4kYbdvGkQ==",
			"dev": true,
			"license": "MIT",
			"dependencies": {
				"emoji-regex": "^10.3.0",
				"get-east-asian-width": "^1.0.0",
				"strip-ansi": "^7.1.0"
			},
			"engines": {
				"node": ">=18"
			},
			"funding": {
				"url": "https://github.com/sponsors/sindresorhus"
			}
		},
		"node_modules/log-update/node_modules/wrap-ansi": {
			"version": "9.0.2",
			"resolved": "https://registry.npmjs.org/wrap-ansi/-/wrap-ansi-9.0.2.tgz",
			"integrity": "sha512-42AtmgqjV+X1VpdOfyTGOYRi0/zsoLqtXQckTmqTeybT+BDIbM/Guxo7x3pE2vtpr1ok6xRqM9OpBe+Jyoqyww==",
			"dev": true,
			"license": "MIT",
			"dependencies": {
				"ansi-styles": "^6.2.1",
				"string-width": "^7.0.0",
				"strip-ansi": "^7.1.0"
			},
			"engines": {
				"node": ">=18"
			},
			"funding": {
				"url": "https://github.com/chalk/wrap-ansi?sponsor=1"
			}
		},
		"node_modules/mimic-function": {
			"version": "5.0.1",
			"resolved": "https://registry.npmjs.org/mimic-function/-/mimic-function-5.0.1.tgz",
			"integrity": "sha512-VP79XUPxV2CigYP3jWwAUFSku2aKqBH7uTAapFWCBqutsbmDo96KY5o8uh6U+/YSIn5OxJnXp73beVkpqMIGhA==",
			"dev": true,
			"license": "MIT",
			"engines": {
				"node": ">=18"
			},
			"funding": {
				"url": "https://github.com/sponsors/sindresorhus"
			}
		},
		"node_modules/minimatch": {
			"version": "10.2.5",
			"resolved": "https://registry.npmjs.org/minimatch/-/minimatch-10.2.5.tgz",
			"integrity": "sha512-MULkVLfKGYDFYejP07QOurDLLQpcjk7Fw+7jXS2R2czRQzR56yHRveU5NDJEOviH+hETZKSkIk5c+T23GjFUMg==",
			"dev": true,
			"license": "BlueOak-1.0.0",
			"dependencies": {
				"brace-expansion": "^5.0.5"
			},
			"engines": {
				"node": "18 || 20 || >=22"
			},
			"funding": {
				"url": "https://github.com/sponsors/isaacs"
			}
		},
		"node_modules/ms": {
			"version": "2.1.3",
			"resolved": "https://registry.npmjs.org/ms/-/ms-2.1.3.tgz",
			"integrity": "sha512-6FlzubTLZG3J2a/NVCAleEhjzq5oxgHyaCU9yYXvcLsvoVaHJq/s5xXI6/XXP6tz7R9xAOtHnSO/tXtF3WRTlA==",
			"dev": true,
			"license": "MIT"
		},
		"node_modules/onetime": {
			"version": "7.0.0",
			"resolved": "https://registry.npmjs.org/onetime/-/onetime-7.0.0.tgz",
			"integrity": "sha512-VXJjc87FScF88uafS3JllDgvAm+c/Slfz06lorj2uAY34rlUu0Nt+v8wreiImcrgAjjIHp1rXpTDlLOGw29WwQ==",
			"dev": true,
			"license": "MIT",
			"dependencies": {
				"mimic-function": "^5.0.0"
			},
			"engines": {
				"node": ">=18"
			},
			"funding": {
				"url": "https://github.com/sponsors/sindresorhus"
			}
		},
		"node_modules/picocolors": {
			"version": "1.1.1",
			"resolved": "https://registry.npmjs.org/picocolors/-/picocolors-1.1.1.tgz",
			"integrity": "sha512-xceH2snhtb5M9liqDsmEw56le376mTZkEX/jEb/RxNFyegNul7eNslCXP9FDj/Lcu0X8KEyMceP2ntpaHrDEVA==",
			"dev": true,
			"license": "ISC"
		},
		"node_modules/picomatch": {
			"version": "4.0.5",
			"resolved": "https://registry.npmjs.org/picomatch/-/picomatch-4.0.5.tgz",
			"integrity": "sha512-RvwwcruNjI1ncT5xRakeyS9Lf8lcItv34KD+aif+VH9kduAyfYBipGh12274xtenIPZ119/R9BdTBa8gAwSh0A==",
			"dev": true,
			"license": "MIT",
			"engines": {
				"node": ">=12"
			},
			"funding": {
				"url": "https://github.com/sponsors/jonschlinkert"
			}
		},
		"node_modules/readdirp": {
			"version": "4.1.2",
			"resolved": "https://registry.npmjs.org/readdirp/-/readdirp-4.1.2.tgz",
			"integrity": "sha512-GDhwkLfywWL2s6vEjyhri+eXmfH6j1L7JE27WhqLeYzoh/A3DBaYGEj2H/HFZCn/kMfim73FXxEJTw06WtxQwg==",
			"dev": true,
			"license": "MIT",
			"engines": {
				"node": ">= 14.18.0"
			},
			"funding": {
				"type": "individual",
				"url": "https://paulmillr.com/funding/"
			}
		},
		"node_modules/restore-cursor": {
			"version": "5.1.0",
			"resolved": "https://registry.npmjs.org/restore-cursor/-/restore-cursor-5.1.0.tgz",
			"integrity": "sha512-oMA2dcrw6u0YfxJQXm342bFKX/E4sG9rbTzO9ptUcR/e8A33cHuvStiYOwH7fszkZlZ1z/ta9AAoPk2F4qIOHA==",
			"dev": true,
			"license": "MIT",
			"dependencies": {
				"onetime": "^7.0.0",
				"signal-exit": "^4.1.0"
			},
			"engines": {
				"node": ">=18"
			},
			"funding": {
				"url": "https://github.com/sponsors/sindresorhus"
			}
		},
		"node_modules/rfdc": {
			"version": "1.4.1",
			"resolved": "https://registry.npmjs.org/rfdc/-/rfdc-1.4.1.tgz",
			"integrity": "sha512-q1b3N5QkRUWUl7iyylaaj3kOpIT0N2i9MqIEQXP73GVsN9cw3fdx8X63cEmWhJGi2PPCF23Ijp7ktmd39rawIA==",
			"dev": true,
			"license": "MIT"
		},
		"node_modules/semver": {
			"version": "7.8.5",
			"resolved": "https://registry.npmjs.org/semver/-/semver-7.8.5.tgz",
			"integrity": "sha512-Y7/KDsb8LjooZpwaqGyulO6DQlksgCncchHGk+sZIY4SBvUocMBEFH5Ur1fI4dV+Jvl0w6cjvucaIi40puRioA==",
			"dev": true,
			"license": "ISC",
			"bin": {
				"semver": "bin/semver.js"
			},
			"engines": {
				"node": ">=10"
			}
		},
		"node_modules/signal-exit": {
			"version": "4.1.0",
			"resolved": "https://registry.npmjs.org/signal-exit/-/signal-exit-4.1.0.tgz",
			"integrity": "sha512-bzyZ1e88w9O1iNJbKnOlvYTrWPDl46O1bG0D3XInv+9tkPrxrN8jUUTiFlDkkmKWgn1M6CfIA13SuGqOa9Korw==",
			"dev": true,
			"license": "ISC",
			"engines": {
				"node": ">=14"
			},
			"funding": {
				"url": "https://github.com/sponsors/isaacs"
			}
		},
		"node_modules/sisteransi": {
			"version": "1.0.5",
			"resolved": "https://registry.npmjs.org/sisteransi/-/sisteransi-1.0.5.tgz",
			"integrity": "sha512-bLGGlR1QxBcynn2d5YmDX4MGjlZvy2MRBDRNHLJ8VI6l6+9FUiyTFNJ0IveOSP0bcXgVDPRcfGqA0pjaqUpfVg==",
			"dev": true,
			"license": "MIT"
		},
		"node_modules/slash": {
			"version": "5.1.0",
			"resolved": "https://registry.npmjs.org/slash/-/slash-5.1.0.tgz",
			"integrity": "sha512-ZA6oR3T/pEyuqwMgAKT0/hAv8oAXckzbkmR0UkUosQ+Mc4RxGoJkRmwHgHufaenlyAgE1Mxgpdcrf75y6XcnDg==",
			"dev": true,
			"license": "MIT",
			"engines": {
				"node": ">=14.16"
			},
			"funding": {
				"url": "https://github.com/sponsors/sindresorhus"
			}
		},
		"node_modules/slice-ansi": {
			"version": "8.0.0",
			"resolved": "https://registry.npmjs.org/slice-ansi/-/slice-ansi-8.0.0.tgz",
			"integrity": "sha512-stxByr12oeeOyY2BlviTNQlYV5xOj47GirPr4yA1hE9JCtxfQN0+tVbkxwCtYDQWhEKWFHsEK48ORg5jrouCAg==",
			"dev": true,
			"license": "MIT",
			"dependencies": {
				"ansi-styles": "^6.2.3",
				"is-fullwidth-code-point": "^5.1.0"
			},
			"engines": {
				"node": ">=20"
			},
			"funding": {
				"url": "https://github.com/chalk/slice-ansi?sponsor=1"
			}
		},
		"node_modules/string-width": {
			"version": "4.2.3",
			"resolved": "https://registry.npmjs.org/string-width/-/string-width-4.2.3.tgz",
			"integrity": "sha512-wKyQRQpjJ0sIp62ErSZdGsjMJWsap5oRNihHhu6G7JVO/9jIB6UyevL+tXuOqrng8j/cxKTWyWUwvSTriiZz/g==",
			"dev": true,
			"license": "MIT",
			"dependencies": {
				"emoji-regex": "^8.0.0",
				"is-fullwidth-code-point": "^3.0.0",
				"strip-ansi": "^6.0.1"
			},
			"engines": {
				"node": ">=8"
			}
		},
		"node_modules/string-width/node_modules/ansi-regex": {
			"version": "5.0.1",
			"resolved": "https://registry.npmjs.org/ansi-regex/-/ansi-regex-5.0.1.tgz",
			"integrity": "sha512-quJQXlTSUGL2LH9SUXo8VwsY4soanhgo6LNSm84E1LBcE8s3O0wpdiRzyR9z/ZZJMlMWv37qOOb9pdJlMUEKFQ==",
			"dev": true,
			"license": "MIT",
			"engines": {
				"node": ">=8"
			}
		},
		"node_modules/string-width/node_modules/is-fullwidth-code-point": {
			"version": "3.0.0",
			"resolved": "https://registry.npmjs.org/is-fullwidth-code-point/-/is-fullwidth-code-point-3.0.0.tgz",
			"integrity": "sha512-zymm5+u+sCsSWyD9qNaejV3DFvhCKclKdizYaJUuHA83RLjb7nSuGnddCHGv0hk+KY7BMAlsWeK4Ueg6EV6XQg==",
			"dev": true,
			"license": "MIT",
			"engines": {
				"node": ">=8"
			}
		},
		"node_modules/string-width/node_modules/strip-ansi": {
			"version": "6.0.1",
			"resolved": "https://registry.npmjs.org/strip-ansi/-/strip-ansi-6.0.1.tgz",
			"integrity": "sha512-Y38VPSHcqkFrCpFnQ9vuSXmquuv5oXOKpGeT6aGrr3o3Gc9AlVa6JBfUSOCnbxGGZF+/0ooI7KrPuUSztUdU5A==",
			"dev": true,
			"license": "MIT",
			"dependencies": {
				"ansi-regex": "^5.0.1"
			},
			"engines": {
				"node": ">=8"
			}
		},
		"node_modules/strip-ansi": {
			"version": "7.2.0",
			"resolved": "https://registry.npmjs.org/strip-ansi/-/strip-ansi-7.2.0.tgz",
			"integrity": "sha512-yDPMNjp4WyfYBkHnjIRLfca1i6KMyGCtsVgoKe/z1+6vukgaENdgGBZt+ZmKPc4gavvEZ5OgHfHdrazhgNyG7w==",
			"dev": true,
			"license": "MIT",
			"dependencies": {
				"ansi-regex": "^6.2.2"
			},
			"engines": {
				"node": ">=12"
			},
			"funding": {
				"url": "https://github.com/chalk/strip-ansi?sponsor=1"
			}
		},
		"node_modules/supports-color": {
			"version": "8.1.1",
			"resolved": "https://registry.npmjs.org/supports-color/-/supports-color-8.1.1.tgz",
			"integrity": "sha512-MpUEN2OodtUzxvKQl72cUF7RQ5EiHsGvSsVG0ia9c5RbWGL2CI4C7EpPS8UTBIplnlzZiNuV56w+FuNxy3ty2Q==",
			"dev": true,
			"license": "MIT",
			"dependencies": {
				"has-flag": "^4.0.0"
			},
			"engines": {
				"node": ">=10"
			},
			"funding": {
				"url": "https://github.com/chalk/supports-color?sponsor=1"
			}
		},
		"node_modules/text-camel-case": {
			"version": "1.2.11",
			"resolved": "https://registry.npmjs.org/text-camel-case/-/text-camel-case-1.2.11.tgz",
			"integrity": "sha512-2ZsM/gOlB1tyza+8lGLvs6gtPuZ9qEYuKPa+gwo38m65wkY4k323SK4hT7ku8r5wIKyspUYIWSk1aB9/Jjxr7A==",
			"dev": true,
			"license": "MIT",
			"dependencies": {
				"text-pascal-case": "^1.2.11"
			}
		},
		"node_modules/text-capital-case": {
			"version": "1.2.11",
			"resolved": "https://registry.npmjs.org/text-capital-case/-/text-capital-case-1.2.11.tgz",
			"integrity": "sha512-30A7B7+VUvevEmPE0xWK1Z2z0ncl/JTjSUBLfjpoXrkwuPpmNTVbjHShRTN3cX9GIuZn/P3jvR+TO9JiTZcl8A==",
			"dev": true,
			"license": "MIT",
			"dependencies": {
				"text-no-case": "^1.2.11",
				"text-upper-case-first": "^1.2.11"
			}
		},
		"node_modules/text-case": {
			"version": "1.2.11",
			"resolved": "https://registry.npmjs.org/text-case/-/text-case-1.2.11.tgz",
			"integrity": "sha512-LbdWNQeuXWbfav+pxBxvaefkziffMYeSA53BHp52cgJa9rjiC0dkjum9AKrH8iQWoQJ4InGPSGexLeerGFaZ1Q==",
			"dev": true,
			"license": "MIT",
			"dependencies": {
				"text-camel-case": "^1.2.11",
				"text-capital-case": "^1.2.11",
				"text-constant-case": "^1.2.11",
				"text-dot-case": "^1.2.11",
				"text-header-case": "^1.2.11",
				"text-is-lower-case": "^1.2.11",
				"text-is-upper-case": "^1.2.11",
				"text-kebab-case": "^1.2.11",
				"text-lower-case": "^1.2.11",
				"text-lower-case-first": "^1.2.11",
				"text-no-case": "^1.2.11",
				"text-param-case": "^1.2.11",
				"text-pascal-case": "^1.2.11",
				"text-path-case": "^1.2.11",
				"text-sentence-case": "^1.2.11",
				"text-snake-case": "^1.2.11",
				"text-swap-case": "^1.2.11",
				"text-title-case": "^1.2.11",
				"text-upper-case": "^1.2.11",
				"text-upper-case-first": "^1.2.11"
			}
		},
		"node_modules/text-constant-case": {
			"version": "1.2.11",
			"resolved": "https://registry.npmjs.org/text-constant-case/-/text-constant-case-1.2.11.tgz",
			"integrity": "sha512-XnTBILsa7UpMWncUCchqIybZlg15FUcrlyNaWIJ8ybPy54qcoN513EXFswueyizuAgyJFXPCwwSFbSji6kw/Uw==",
			"dev": true,
			"license": "MIT",
			"dependencies": {
				"text-no-case": "^1.2.11",
				"text-upper-case": "^1.2.11"
			}
		},
		"node_modules/text-dot-case": {
			"version": "1.2.11",
			"resolved": "https://registry.npmjs.org/text-dot-case/-/text-dot-case-1.2.11.tgz",
			"integrity": "sha512-7SLKiT45KZO0qad0+p+GvC0+F+6pZ851HJcTcBJiSF88HsK/e1qErlGLtVBT6hkTHIaAj48WfSyQr4lZRv1xJQ==",
			"dev": true,
			"license": "MIT",
			"dependencies": {
				"text-no-case": "^1.2.11"
			}
		},
		"node_modules/text-header-case": {
			"version": "1.2.11",
			"resolved": "https://registry.npmjs.org/text-header-case/-/text-header-case-1.2.11.tgz",
			"integrity": "sha512-7OBHd2g7X+aH6rXMC3cANFh6yvhXjXkyumw2NaRwJRIk343pP2e1SQCTCfowPDmmi8wkZVqz1fdWNq5LwvcBOQ==",
			"dev": true,
			"license": "MIT",
			"dependencies": {
				"text-capital-case": "^1.2.11"
			}
		},
		"node_modules/text-is-lower-case": {
			"version": "1.2.11",
			"resolved": "https://registry.npmjs.org/text-is-lower-case/-/text-is-lower-case-1.2.11.tgz",
			"integrity": "sha512-dBqPAkNmX7eTM7ZbS3D/UBCQ5i9EXt5tujF2wIGGbZ1+aN8bY7Qda4mDpxgd6Hbzf/z10uQWRNzupl99wFQ8CQ==",
			"dev": true,
			"license": "MIT"
		},
		"node_modules/text-is-upper-case": {
			"version": "1.2.11",
			"resolved": "https://registry.npmjs.org/text-is-upper-case/-/text-is-upper-case-1.2.11.tgz",
			"integrity": "sha512-MZeUIYEYfKZ2FSeg0vnHCH4mHXLgGzes+iz2K+4BYnhnkEa2svKA1nNjQAqTUiVNHOPqPCuzmUr1LsyQZ73uyA==",
			"dev": true,
			"license": "MIT"
		},
		"node_modules/text-kebab-case": {
			"version": "1.2.11",
			"resolved": "https://registry.npmjs.org/text-kebab-case/-/text-kebab-case-1.2.11.tgz",
			"integrity": "sha512-RIg9iN6VwH+JrX9dFdm1nd1efPGR9LjNc0CiQz496sQETeKGkDEzxES/ZzxbkerrAL2DFEMGdLXckzDz1OEDBQ==",
			"dev": true,
			"license": "MIT",
			"dependencies": {
				"text-no-case": "^1.2.11"
			}
		},
		"node_modules/text-lower-case": {
			"version": "1.2.11",
			"resolved": "https://registry.npmjs.org/text-lower-case/-/text-lower-case-1.2.11.tgz",
			"integrity": "sha512-txTy6y0y8M23Lhf0mk8WcvXTqlf4OQ3AGnDsRB6o3uMNfIa0CJDol2s1PdKNa63rt5B2277zkZCCn6Xeq//big==",
			"dev": true,
			"license": "MIT"
		},
		"node_modules/text-lower-case-first": {
			"version": "1.2.11",
			"resolved": "https://registry.npmjs.org/text-lower-case-first/-/text-lower-case-first-1.2.11.tgz",
			"integrity": "sha512-QR483XLyuyIpq8tKu1ds3Q1jfsgfaa/p9rtoQKHe6Rv5ah9ic/SUzTGN0MQ7UIS9APADd8SUPn5TTh1Z2/ACyg==",
			"dev": true,
			"license": "MIT"
		},
		"node_modules/text-no-case": {
			"version": "1.2.11",
			"resolved": "https://registry.npmjs.org/text-no-case/-/text-no-case-1.2.11.tgz",
			"integrity": "sha512-wazS7FEq0Ct3aJzeE8MEMcSs0eW4+/X/fwdotv/rG66bLS+g1T0pa0gUsbBGjjLFs191AIXVIry+bYE0uaaBBQ==",
			"dev": true,
			"license": "MIT",
			"dependencies": {
				"text-lower-case": "^1.2.11"
			}
		},
		"node_modules/text-param-case": {
			"version": "1.2.11",
			"resolved": "https://registry.npmjs.org/text-param-case/-/text-param-case-1.2.11.tgz",
			"integrity": "sha512-3EMMAMLSz/mJXOnATNnrS+dZAvghpq09VhOVYDOkUnbm5zlYc6iU5AZOKVDpiAVVllQ9P1h5IKVZzsEYrdIRGw==",
			"dev": true,
			"license": "MIT",
			"dependencies": {
				"text-dot-case": "^1.2.11"
			}
		},
		"node_modules/text-pascal-case": {
			"version": "1.2.11",
			"resolved": "https://registry.npmjs.org/text-pascal-case/-/text-pascal-case-1.2.11.tgz",
			"integrity": "sha512-BNhQ1O/g/Q4dH5gPyLIJLDLDknl2dipBwV629ScsiZCKJaCLGXYhTXp23rp9Htg3O5OSSsiU3mqDKq+pBmwTSw==",
			"dev": true,
			"license": "MIT",
			"dependencies": {
				"text-no-case": "^1.2.11"
			}
		},
		"node_modules/text-path-case": {
			"version": "1.2.11",
			"resolved": "https://registry.npmjs.org/text-path-case/-/text-path-case-1.2.11.tgz",
			"integrity": "sha512-FsJU4BmMdtLtmnBK/XRJPqTwLF8yFiTEClHjxlQjSAG5Xt9R4p6D1WNaM1CI2dG5Lr4rsFM4jiVC620m0AsRbw==",
			"dev": true,
			"license": "MIT",
			"dependencies": {
				"text-dot-case": "^1.2.11"
			}
		},
		"node_modules/text-sentence-case": {
			"version": "1.2.11",
			"resolved": "https://registry.npmjs.org/text-sentence-case/-/text-sentence-case-1.2.11.tgz",
			"integrity": "sha512-ApiVsvdLy+Wb8x7mZRVuoy8VO12jJ22G2djVM3ZZbUhXVIkqGgHxmiXRwdhRPoWGojK9n53m7jviJgBVNdRn+g==",
			"dev": true,
			"license": "MIT",
			"dependencies": {
				"text-no-case": "^1.2.11",
				"text-upper-case-first": "^1.2.11"
			}
		},
		"node_modules/text-snake-case": {
			"version": "1.2.11",
			"resolved": "https://registry.npmjs.org/text-snake-case/-/text-snake-case-1.2.11.tgz",
			"integrity": "sha512-NOEQvjyyVABB41SS8dUx423Y6hWS+Z4TrAAJg1xzCkOD3q9y0JtdJjCvCA1FWI8oDu+HiIOp/N446uDM8j54XQ==",
			"dev": true,
			"license": "MIT",
			"dependencies": {
				"text-dot-case": "^1.2.11"
			}
		},
		"node_modules/text-swap-case": {
			"version": "1.2.11",
			"resolved": "https://registry.npmjs.org/text-swap-case/-/text-swap-case-1.2.11.tgz",
			"integrity": "sha512-PBmC5xvZdDZ4suikydpeXH0s4JV2XHelMj9/OEXEbA3oLpdV2A+B4BspVDWVw7C2Gi5eCareqk/7EE8I1/WwgQ==",
			"dev": true,
			"license": "MIT"
		},
		"node_modules/text-title-case": {
			"version": "1.2.11",
			"resolved": "https://registry.npmjs.org/text-title-case/-/text-title-case-1.2.11.tgz",
			"integrity": "sha512-V1GZy0XlqdkYUQm0tqm1jqtYlXJqFVMreBCTUReOaz8d/JbozTSpZrcakIeV8+1bN7LsvfhPFhA5zREiax6YIA==",
			"dev": true,
			"license": "MIT",
			"dependencies": {
				"text-no-case": "^1.2.11",
				"text-upper-case-first": "^1.2.11"
			}
		},
		"node_modules/text-upper-case": {
			"version": "1.2.11",
			"resolved": "https://registry.npmjs.org/text-upper-case/-/text-upper-case-1.2.11.tgz",
			"integrity": "sha512-BfTL7yB1YIRlVGNdZUvno013hOq2cRs07fDR2ApppOXRDuKrEmsLDEY82xXlDzQHELp0jexqkI+NeyPIl6MtMw==",
			"dev": true,
			"license": "MIT"
		},
		"node_modules/text-upper-case-first": {
			"version": "1.2.11",
			"resolved": "https://registry.npmjs.org/text-upper-case-first/-/text-upper-case-first-1.2.11.tgz",
			"integrity": "sha512-vgfbwKo8TEJbRsapR9LWWvIJRnv8u9aXVa6cyYOAQQmurCx54Cnt59x5fKdiq+hFaBJ51AbzCgMpbP3p65/pHQ==",
			"dev": true,
			"license": "MIT"
		},
		"node_modules/tinyglobby": {
			"version": "0.2.17",
			"resolved": "https://registry.npmjs.org/tinyglobby/-/tinyglobby-0.2.17.tgz",
			"integrity": "sha512-wXR/dYpcqKmfWpEdZjiKJOwCNFndD0DMnrW/cYjVGttEkBfVgcLFHoNrlj47mjOVic9yyNu65alsgF4NQyTa2g==",
			"dev": true,
			"license": "MIT",
			"dependencies": {
				"fdir": "^6.5.0",
				"picomatch": "^4.0.4"
			},
			"engines": {
				"node": ">=12.0.0"
			},
			"funding": {
				"url": "https://github.com/sponsors/SuperchupuDev"
			}
		},
		"node_modules/ts-to-zod": {
			"version": "5.1.0",
			"resolved": "https://registry.npmjs.org/ts-to-zod/-/ts-to-zod-5.1.0.tgz",
			"integrity": "sha512-giqqlvRHunlJqG9tBL/KAO3wWIVZGF//mZiWLKm/fdQnKnz4EN2mtiK5cugN9slytBkdMEXQIaLvMzIScbhhFw==",
			"dev": true,
			"license": "MIT",
			"dependencies": {
				"@clack/prompts": "1.0.0-alpha.4",
				"@oclif/core": "^4.5.4",
				"@typescript/vfs": "^1.5.0",
				"chokidar": "^4.0.3",
				"listr2": "^9.0.4",
				"slash": "^5.1.0",
				"text-case": "^1.2.4",
				"tslib": "^2.3.1",
				"tsutils": "^3.21.0",
				"typescript": "^5.2.2",
				"zod": "^4.1.5"
			},
			"bin": {
				"ts-to-zod": "bin/run"
			}
		},
		"node_modules/tslib": {
			"version": "2.8.1",
			"resolved": "https://registry.npmjs.org/tslib/-/tslib-2.8.1.tgz",
			"integrity": "sha512-oJFu94HQb+KVduSUQL7wnpmqnfmLsOA/nAh6b6EH0wCEoK0/mPeXU6c3wKDV83MkOuHPRHtSXKKU99IBazS/2w==",
			"dev": true,
			"license": "0BSD"
		},
		"node_modules/tsutils": {
			"version": "3.21.0",
			"resolved": "https://registry.npmjs.org/tsutils/-/tsutils-3.21.0.tgz",
			"integrity": "sha512-mHKK3iUXL+3UF6xL5k0PEhKRUBKPBCv/+RkEOpjRWxxx27KKRBmmA60A9pgOUvMi8GKhRMPEmjBRPzs2W7O1OA==",
			"dev": true,
			"license": "MIT",
			"dependencies": {
				"tslib": "^1.8.1"
			},
			"engines": {
				"node": ">= 6"
			},
			"peerDependencies": {
				"typescript": ">=2.8.0 || >= 3.2.0-dev || >= 3.3.0-dev || >= 3.4.0-dev || >= 3.5.0-dev || >= 3.6.0-dev || >= 3.6.0-beta || >= 3.7.0-dev || >= 3.7.0-beta"
			}
		},
		"node_modules/tsutils/node_modules/tslib": {
			"version": "1.14.1",
			"resolved": "https://registry.npmjs.org/tslib/-/tslib-1.14.1.tgz",
			"integrity": "sha512-Xni35NKzjgMrwevysHTCArtLDpPvye8zV/0E4EyYn43P7/7qvQwPh9BGkHewbMulVntbigmcT7rdX3BNo9wRJg==",
			"dev": true,
			"license": "0BSD"
		},
		"node_modules/type-fest": {
			"version": "0.21.3",
			"resolved": "https://registry.npmjs.org/type-fest/-/type-fest-0.21.3.tgz",
			"integrity": "sha512-t0rzBq87m3fVcduHDUFhKmyyX+9eo6WQjZvf51Ea/M0Q7+T374Jp1aUiyUl0GKxp8M/OETVHSDvmkyPgvX+X2w==",
			"dev": true,
			"license": "(MIT OR CC0-1.0)",
			"engines": {
				"node": ">=10"
			},
			"funding": {
				"url": "https://github.com/sponsors/sindresorhus"
			}
		},
		"node_modules/typescript": {
			"version": "5.9.2",
			"resolved": "https://registry.npmjs.org/typescript/-/typescript-5.9.2.tgz",
			"integrity": "sha512-CWBzXQrc/qOkhidw1OzBTQuYRbfyxDXJMVJ1XNwUHGROVmuaeiEm3OslpZ1RV96d7SKKjZKrSJu3+t/xlw3R9A==",
			"dev": true,
			"license": "Apache-2.0",
			"bin": {
				"tsc": "bin/tsc",
				"tsserver": "bin/tsserver"
			},
			"engines": {
				"node": ">=14.17"
			}
		},
		"node_modules/widest-line": {
			"version": "3.1.0",
			"resolved": "https://registry.npmjs.org/widest-line/-/widest-line-3.1.0.tgz",
			"integrity": "sha512-NsmoXalsWVDMGupxZ5R08ka9flZjjiLvHVAWYOKtiKM8ujtZWr9cRffak+uSE48+Ob8ObalXpwyeUiyDD6QFgg==",
			"dev": true,
			"license": "MIT",
			"dependencies": {
				"string-width": "^4.0.0"
			},
			"engines": {
				"node": ">=8"
			}
		},
		"node_modules/wordwrap": {
			"version": "1.0.0",
			"resolved": "https://registry.npmjs.org/wordwrap/-/wordwrap-1.0.0.tgz",
			"integrity": "sha512-gvVzJFlPycKc5dZN4yPkP8w7Dc37BtP1yczEneOb4uq34pXZcvrtRTmWV8W+Ume+XCxKgbjM+nevkyFPMybd4Q==",
			"dev": true,
			"license": "MIT"
		},
		"node_modules/wrap-ansi": {
			"version": "7.0.0",
			"resolved": "https://registry.npmjs.org/wrap-ansi/-/wrap-ansi-7.0.0.tgz",
			"integrity": "sha512-YVGIj2kamLSTxw6NsZjoBxfSwsn0ycdesmc4p+Q21c5zPuZ1pl+NfxVdxPtdHvmNVOQ6XSYG4AUtyt/Fi7D16Q==",
			"dev": true,
			"license": "MIT",
			"dependencies": {
				"ansi-styles": "^4.0.0",
				"string-width": "^4.1.0",
				"strip-ansi": "^6.0.0"
			},
			"engines": {
				"node": ">=10"
			},
			"funding": {
				"url": "https://github.com/chalk/wrap-ansi?sponsor=1"
			}
		},
		"node_modules/wrap-ansi/node_modules/ansi-regex": {
			"version": "5.0.1",
			"resolved": "https://registry.npmjs.org/ansi-regex/-/ansi-regex-5.0.1.tgz",
			"integrity": "sha512-quJQXlTSUGL2LH9SUXo8VwsY4soanhgo6LNSm84E1LBcE8s3O0wpdiRzyR9z/ZZJMlMWv37qOOb9pdJlMUEKFQ==",
			"dev": true,
			"license": "MIT",
			"engines": {
				"node": ">=8"
			}
		},
		"node_modules/wrap-ansi/node_modules/ansi-styles": {
			"version": "4.3.0",
			"resolved": "https://registry.npmjs.org/ansi-styles/-/ansi-styles-4.3.0.tgz",
			"integrity": "sha512-zbB9rCJAT1rbjiVDb2hqKFHNYLxgtk8NURxZ3IZwD3F6NtxbXZQCnnSi1Lkx+IDohdPlFp222wVALIheZJQSEg==",
			"dev": true,
			"license": "MIT",
			"dependencies": {
				"color-convert": "^2.0.1"
			},
			"engines": {
				"node": ">=8"
			},
			"funding": {
				"url": "https://github.com/chalk/ansi-styles?sponsor=1"
			}
		},
		"node_modules/wrap-ansi/node_modules/strip-ansi": {
			"version": "6.0.1",
			"resolved": "https://registry.npmjs.org/strip-ansi/-/strip-ansi-6.0.1.tgz",
			"integrity": "sha512-Y38VPSHcqkFrCpFnQ9vuSXmquuv5oXOKpGeT6aGrr3o3Gc9AlVa6JBfUSOCnbxGGZF+/0ooI7KrPuUSztUdU5A==",
			"dev": true,
			"license": "MIT",
			"dependencies": {
				"ansi-regex": "^5.0.1"
			},
			"engines": {
				"node": ">=8"
			}
		},
		"node_modules/zod": {
			"version": "4.4.3",
			"resolved": "https://registry.npmjs.org/zod/-/zod-4.4.3.tgz",
			"integrity": "sha512-ytENFjIJFl2UwYglde2jchW2Hwm4GJFLDiSXWdTrJQBIN9Fcyp7n4DhxJEiWNAJMV1/BqWfW/kkg71UDcHJyTQ==",
			"dev": true,
			"license": "MIT",
			"funding": {
				"url": "https://github.com/sponsors/colinhacks"
			}
		}
	}
}
